
Microsoft Visual Studio Solution File, Format Version 12.00
# Visual Studio Version 17
VisualStudioVersion = 17.0.31903.59
MinimumVisualStudioVersion = 10.0.40219.1
Project("{2150E333-8FDC-42A3-9474-1A3956D46DE8}") = "SDK", "SDK", "{F2712BF3-717D-4348-8DE2-8201133A813A}"
EndProject
Project("{9A19103F-16F7-4668-BE54-9A1E7A4F7556}") = "General", "SDK\General\General.csproj", "{0EE7EA3E-3DF9-486F-B665-CAF767A155B7}"
EndProject
Project("{FAE04EC0-301F-11D3-BF4B-00C04F79EFBC}") = "Cluster", "SDK\Cluster\Cluster.csproj", "{0C9FD97E-A749-4DE2-8EF9-A2E5EF5630AB}"
EndProject
Global
	GlobalSection(SolutionConfigurationPlatforms) = preSolution
		Debug|Any CPU = Debug|Any CPU
		Release|Any CPU = Release|Any CPU
	EndGlobalSection
	GlobalSection(ProjectConfigurationPlatforms) = postSolution
		{0EE7EA3E-3DF9-486F-B665-CAF767A155B7}.Debug|Any CPU.ActiveCfg = Debug|Any CPU
		{0EE7EA3E-3DF9-486F-B665-CAF767A155B7}.Debug|Any CPU.Build.0 = Debug|Any CPU
		{0EE7EA3E-3DF9-486F-B665-CAF767A155B7}.Release|Any CPU.ActiveCfg = Release|Any CPU
		{0EE7EA3E-3DF9-486F-B665-CAF767A155B7}.Release|Any CPU.Build.0 = Release|Any CPU
		{0C9FD97E-A749-4DE2-8EF9-A2E5EF5630AB}.Debug|Any CPU.ActiveCfg = Debug|Any CPU
		{0C9FD97E-A749-4DE2-8EF9-A2E5EF5630AB}.Debug|Any CPU.Build.0 = Debug|Any CPU
		{0C9FD97E-A749-4DE2-8EF9-A2E5EF5630AB}.Release|Any CPU.ActiveCfg = Release|Any CPU
		{0C9FD97E-A749-4DE2-8EF9-A2E5EF5630AB}.Release|Any CPU.Build.0 = Release|Any CPU
	EndGlobalSection
	GlobalSection(SolutionProperties) = preSolution
		HideSolutionNode = FALSE
	EndGlobalSection
	GlobalSection(NestedProjects) = preSolution
		{0EE7EA3E-3DF9-486F-B665-CAF767A155B7} = {F2712BF3-717D-4348-8DE2-8201133A813A}
		{0C9FD97E-A749-4DE2-8EF9-A2E5EF5630AB} = {F2712BF3-717D-4348-8DE2-8201133A813A}
	EndGlobalSection
EndGlobal
