
Microsoft Visual Studio Solution File, Format Version 12.00
# Visual Studio Version 17
VisualStudioVersion = 17.0.31903.59
MinimumVisualStudioVersion = 10.0.40219.1
Project("{FAE04EC0-301F-11D3-BF4B-00C04F79EFBC}") = "ServiceInterface", "ServiceInterface\ServiceInterface.csproj", "{8386EA8C-981D-4656-B540-38D620684662}"
EndProject
Project("{FAE04EC0-301F-11D3-BF4B-00C04F79EFBC}") = "ServiceHost", "ServiceHost\ServiceHost.csproj", "{9C76940C-DAB1-4763-A21B-B5ECDE36B60F}"
EndProject
Project("{2150E333-8FDC-42A3-9474-1A3956D46DE8}") = "E2ETest", "E2ETest", "{1811B994-A9AC-42FC-9CE3-03D5157D1CB6}"
EndProject
Project("{FAE04EC0-301F-11D3-BF4B-00C04F79EFBC}") = "MessageQueue", "MessageQueue\MessageQueue.csproj", "{BE06C458-443A-4471-A076-0AB1C797B9BB}"
EndProject
Project("{2150E333-8FDC-42A3-9474-1A3956D46DE8}") = "Services", "Services", "{6E8F9401-399E-466D-9DE5-C2AD367AEA15}"
EndProject
Project("{FAE04EC0-301F-11D3-BF4B-00C04F79EFBC}") = "EchoService", "Services\Echo\EchoService.csproj", "{87159BDC-BD9D-4E8B-BB11-F215AC5E7197}"
EndProject
Project("{FAE04EC0-301F-11D3-BF4B-00C04F79EFBC}") = "CGIService", "Services\CGI\CGIService.csproj", "{91DE14B6-4FA7-4A1A-8E90-237AE5A151BE}"
EndProject
Project("{FAE04EC0-301F-11D3-BF4B-00C04F79EFBC}") = "Common", "E2ETest\Common\Common.csproj", "{F35D30F3-600B-40D0-B74B-62B2BDF060EA}"
EndProject
Project("{2150E333-8FDC-42A3-9474-1A3956D46DE8}") = "GRpc", "GRpc", "{69BAAC47-5084-4824-9934-F7A962F24440}"
EndProject
Project("{FAE04EC0-301F-11D3-BF4B-00C04F79EFBC}") = "GRpcAdapter", "Services\GRpc\GRpcAdapter\GRpcAdapter.csproj", "{E92CB54B-E574-44A6-8E68-B3C18BEAB5C9}"
EndProject
Project("{FAE04EC0-301F-11D3-BF4B-00C04F79EFBC}") = "GRpcAdapterTest", "Services\GRpc\GRpcAdapterTest\GRpcAdapterTest.csproj", "{71978EA2-2D68-4C6D-B287-FFD0F95C94F6}"
EndProject
Project("{FAE04EC0-301F-11D3-BF4B-00C04F79EFBC}") = "GRpcHello", "Services\GRpc\GRpcHello\GRpcHello.csproj", "{45270935-0EFB-42D1-B5BF-9A59A53A9B21}"
EndProject
Project("{FAE04EC0-301F-11D3-BF4B-00C04F79EFBC}") = "GRpcAdapterClient", "Services\GRpc\GRpcAdapterClient\GRpcAdapterClient.csproj", "{AEFAAD15-2248-47EE-9F22-6365198AA1C5}"
EndProject
Project("{2150E333-8FDC-42A3-9474-1A3956D46DE8}") = "Client", "Client", "{D6C279D0-EDC0-4843-A7EE-4039093771CD}"
EndProject
Project("{FAE04EC0-301F-11D3-BF4B-00C04F79EFBC}") = "APIServer", "Client\APIServer\APIServer.csproj", "{EA58386E-B741-48E1-8D99-44B72890BF4E}"
EndProject
Project("{FAE04EC0-301F-11D3-BF4B-00C04F79EFBC}") = "SDK", "Client\SDK\SDK.csproj", "{A99B3CB5-CFF9-46ED-BDA7-67AB2F1BCB8A}"
EndProject
Project("{2150E333-8FDC-42A3-9474-1A3956D46DE8}") = "Samples", "Samples", "{6D333A67-5F67-49E8-88AD-C1433AFF0655}"
EndProject
Project("{2150E333-8FDC-42A3-9474-1A3956D46DE8}") = "SDK", "SDK", "{5EA38D9E-68AC-425D-9252-8F305CB2B4E5}"
EndProject
Project("{FAE04EC0-301F-11D3-BF4B-00C04F79EFBC}") = "Cluster", "Samples\SDK\Cluster\Cluster.csproj", "{191DCB9E-D892-49CF-ADA6-B7BAE6F0739D}"
EndProject
Project("{FAE04EC0-301F-11D3-BF4B-00C04F79EFBC}") = "Session", "Samples\SDK\Session\Session.csproj", "{D45F5A5F-4554-4C39-9223-1F4829989004}"
EndProject
Project("{2150E333-8FDC-42A3-9474-1A3956D46DE8}") = "QueueClient", "QueueClient", "{966CDAC3-C015-44B0-B1FC-50C5F06BADE1}"
EndProject
Project("{FAE04EC0-301F-11D3-BF4B-00C04F79EFBC}") = "SendAndReceive", "Samples\QueueClient\SendAndReceive\SendAndReceive.csproj", "{51C9CA99-9300-4E6A-98D2-B906077FC03F}"
EndProject
Project("{FAE04EC0-301F-11D3-BF4B-00C04F79EFBC}") = "PerfTest", "Samples\QueueClient\PerfTest\PerfTest.csproj", "{62C0DD37-2D53-4BD6-93ED-CAEFB560AE97}"
EndProject
Global
	GlobalSection(SolutionConfigurationPlatforms) = preSolution
		Debug|Any CPU = Debug|Any CPU
		Release|Any CPU = Release|Any CPU
	EndGlobalSection
	GlobalSection(SolutionProperties) = preSolution
		HideSolutionNode = FALSE
	EndGlobalSection
	GlobalSection(ProjectConfigurationPlatforms) = postSolution
		{8386EA8C-981D-4656-B540-38D620684662}.Debug|Any CPU.ActiveCfg = Debug|Any CPU
		{8386EA8C-981D-4656-B540-38D620684662}.Debug|Any CPU.Build.0 = Debug|Any CPU
		{8386EA8C-981D-4656-B540-38D620684662}.Release|Any CPU.ActiveCfg = Release|Any CPU
		{8386EA8C-981D-4656-B540-38D620684662}.Release|Any CPU.Build.0 = Release|Any CPU
		{9C76940C-DAB1-4763-A21B-B5ECDE36B60F}.Debug|Any CPU.ActiveCfg = Debug|Any CPU
		{9C76940C-DAB1-4763-A21B-B5ECDE36B60F}.Debug|Any CPU.Build.0 = Debug|Any CPU
		{9C76940C-DAB1-4763-A21B-B5ECDE36B60F}.Release|Any CPU.ActiveCfg = Release|Any CPU
		{9C76940C-DAB1-4763-A21B-B5ECDE36B60F}.Release|Any CPU.Build.0 = Release|Any CPU
		{BE06C458-443A-4471-A076-0AB1C797B9BB}.Debug|Any CPU.ActiveCfg = Debug|Any CPU
		{BE06C458-443A-4471-A076-0AB1C797B9BB}.Debug|Any CPU.Build.0 = Debug|Any CPU
		{BE06C458-443A-4471-A076-0AB1C797B9BB}.Release|Any CPU.ActiveCfg = Release|Any CPU
		{BE06C458-443A-4471-A076-0AB1C797B9BB}.Release|Any CPU.Build.0 = Release|Any CPU
		{87159BDC-BD9D-4E8B-BB11-F215AC5E7197}.Debug|Any CPU.ActiveCfg = Debug|Any CPU
		{87159BDC-BD9D-4E8B-BB11-F215AC5E7197}.Debug|Any CPU.Build.0 = Debug|Any CPU
		{87159BDC-BD9D-4E8B-BB11-F215AC5E7197}.Release|Any CPU.ActiveCfg = Release|Any CPU
		{87159BDC-BD9D-4E8B-BB11-F215AC5E7197}.Release|Any CPU.Build.0 = Release|Any CPU
		{91DE14B6-4FA7-4A1A-8E90-237AE5A151BE}.Debug|Any CPU.ActiveCfg = Debug|Any CPU
		{91DE14B6-4FA7-4A1A-8E90-237AE5A151BE}.Debug|Any CPU.Build.0 = Debug|Any CPU
		{91DE14B6-4FA7-4A1A-8E90-237AE5A151BE}.Release|Any CPU.ActiveCfg = Release|Any CPU
		{91DE14B6-4FA7-4A1A-8E90-237AE5A151BE}.Release|Any CPU.Build.0 = Release|Any CPU
		{F35D30F3-600B-40D0-B74B-62B2BDF060EA}.Debug|Any CPU.ActiveCfg = Debug|Any CPU
		{F35D30F3-600B-40D0-B74B-62B2BDF060EA}.Debug|Any CPU.Build.0 = Debug|Any CPU
		{F35D30F3-600B-40D0-B74B-62B2BDF060EA}.Release|Any CPU.ActiveCfg = Release|Any CPU
		{F35D30F3-600B-40D0-B74B-62B2BDF060EA}.Release|Any CPU.Build.0 = Release|Any CPU
		{E92CB54B-E574-44A6-8E68-B3C18BEAB5C9}.Debug|Any CPU.ActiveCfg = Debug|Any CPU
		{E92CB54B-E574-44A6-8E68-B3C18BEAB5C9}.Debug|Any CPU.Build.0 = Debug|Any CPU
		{E92CB54B-E574-44A6-8E68-B3C18BEAB5C9}.Release|Any CPU.ActiveCfg = Release|Any CPU
		{E92CB54B-E574-44A6-8E68-B3C18BEAB5C9}.Release|Any CPU.Build.0 = Release|Any CPU
		{71978EA2-2D68-4C6D-B287-FFD0F95C94F6}.Debug|Any CPU.ActiveCfg = Debug|Any CPU
		{71978EA2-2D68-4C6D-B287-FFD0F95C94F6}.Debug|Any CPU.Build.0 = Debug|Any CPU
		{71978EA2-2D68-4C6D-B287-FFD0F95C94F6}.Release|Any CPU.ActiveCfg = Release|Any CPU
		{71978EA2-2D68-4C6D-B287-FFD0F95C94F6}.Release|Any CPU.Build.0 = Release|Any CPU
		{45270935-0EFB-42D1-B5BF-9A59A53A9B21}.Debug|Any CPU.ActiveCfg = Debug|Any CPU
		{45270935-0EFB-42D1-B5BF-9A59A53A9B21}.Debug|Any CPU.Build.0 = Debug|Any CPU
		{45270935-0EFB-42D1-B5BF-9A59A53A9B21}.Release|Any CPU.ActiveCfg = Release|Any CPU
		{45270935-0EFB-42D1-B5BF-9A59A53A9B21}.Release|Any CPU.Build.0 = Release|Any CPU
		{AEFAAD15-2248-47EE-9F22-6365198AA1C5}.Debug|Any CPU.ActiveCfg = Debug|Any CPU
		{AEFAAD15-2248-47EE-9F22-6365198AA1C5}.Debug|Any CPU.Build.0 = Debug|Any CPU
		{AEFAAD15-2248-47EE-9F22-6365198AA1C5}.Release|Any CPU.ActiveCfg = Release|Any CPU
		{AEFAAD15-2248-47EE-9F22-6365198AA1C5}.Release|Any CPU.Build.0 = Release|Any CPU
		{EA58386E-B741-48E1-8D99-44B72890BF4E}.Debug|Any CPU.ActiveCfg = Debug|Any CPU
		{EA58386E-B741-48E1-8D99-44B72890BF4E}.Debug|Any CPU.Build.0 = Debug|Any CPU
		{EA58386E-B741-48E1-8D99-44B72890BF4E}.Release|Any CPU.ActiveCfg = Release|Any CPU
		{EA58386E-B741-48E1-8D99-44B72890BF4E}.Release|Any CPU.Build.0 = Release|Any CPU
		{A99B3CB5-CFF9-46ED-BDA7-67AB2F1BCB8A}.Debug|Any CPU.ActiveCfg = Debug|Any CPU
		{A99B3CB5-CFF9-46ED-BDA7-67AB2F1BCB8A}.Debug|Any CPU.Build.0 = Debug|Any CPU
		{A99B3CB5-CFF9-46ED-BDA7-67AB2F1BCB8A}.Release|Any CPU.ActiveCfg = Release|Any CPU
		{A99B3CB5-CFF9-46ED-BDA7-67AB2F1BCB8A}.Release|Any CPU.Build.0 = Release|Any CPU
		{191DCB9E-D892-49CF-ADA6-B7BAE6F0739D}.Debug|Any CPU.ActiveCfg = Debug|Any CPU
		{191DCB9E-D892-49CF-ADA6-B7BAE6F0739D}.Debug|Any CPU.Build.0 = Debug|Any CPU
		{191DCB9E-D892-49CF-ADA6-B7BAE6F0739D}.Release|Any CPU.ActiveCfg = Release|Any CPU
		{191DCB9E-D892-49CF-ADA6-B7BAE6F0739D}.Release|Any CPU.Build.0 = Release|Any CPU
		{D45F5A5F-4554-4C39-9223-1F4829989004}.Debug|Any CPU.ActiveCfg = Debug|Any CPU
		{D45F5A5F-4554-4C39-9223-1F4829989004}.Debug|Any CPU.Build.0 = Debug|Any CPU
		{D45F5A5F-4554-4C39-9223-1F4829989004}.Release|Any CPU.ActiveCfg = Release|Any CPU
		{D45F5A5F-4554-4C39-9223-1F4829989004}.Release|Any CPU.Build.0 = Release|Any CPU
		{51C9CA99-9300-4E6A-98D2-B906077FC03F}.Debug|Any CPU.ActiveCfg = Debug|Any CPU
		{51C9CA99-9300-4E6A-98D2-B906077FC03F}.Debug|Any CPU.Build.0 = Debug|Any CPU
		{51C9CA99-9300-4E6A-98D2-B906077FC03F}.Release|Any CPU.ActiveCfg = Release|Any CPU
		{51C9CA99-9300-4E6A-98D2-B906077FC03F}.Release|Any CPU.Build.0 = Release|Any CPU
		{62C0DD37-2D53-4BD6-93ED-CAEFB560AE97}.Debug|Any CPU.ActiveCfg = Debug|Any CPU
		{62C0DD37-2D53-4BD6-93ED-CAEFB560AE97}.Debug|Any CPU.Build.0 = Debug|Any CPU
		{62C0DD37-2D53-4BD6-93ED-CAEFB560AE97}.Release|Any CPU.ActiveCfg = Release|Any CPU
		{62C0DD37-2D53-4BD6-93ED-CAEFB560AE97}.Release|Any CPU.Build.0 = Release|Any CPU
	EndGlobalSection
	GlobalSection(NestedProjects) = preSolution
		{87159BDC-BD9D-4E8B-BB11-F215AC5E7197} = {6E8F9401-399E-466D-9DE5-C2AD367AEA15}
		{91DE14B6-4FA7-4A1A-8E90-237AE5A151BE} = {6E8F9401-399E-466D-9DE5-C2AD367AEA15}
		{F35D30F3-600B-40D0-B74B-62B2BDF060EA} = {1811B994-A9AC-42FC-9CE3-03D5157D1CB6}
		{69BAAC47-5084-4824-9934-F7A962F24440} = {6E8F9401-399E-466D-9DE5-C2AD367AEA15}
		{E92CB54B-E574-44A6-8E68-B3C18BEAB5C9} = {69BAAC47-5084-4824-9934-F7A962F24440}
		{71978EA2-2D68-4C6D-B287-FFD0F95C94F6} = {69BAAC47-5084-4824-9934-F7A962F24440}
		{45270935-0EFB-42D1-B5BF-9A59A53A9B21} = {69BAAC47-5084-4824-9934-F7A962F24440}
		{AEFAAD15-2248-47EE-9F22-6365198AA1C5} = {69BAAC47-5084-4824-9934-F7A962F24440}
		{EA58386E-B741-48E1-8D99-44B72890BF4E} = {D6C279D0-EDC0-4843-A7EE-4039093771CD}
		{A99B3CB5-CFF9-46ED-BDA7-67AB2F1BCB8A} = {D6C279D0-EDC0-4843-A7EE-4039093771CD}
		{5EA38D9E-68AC-425D-9252-8F305CB2B4E5} = {6D333A67-5F67-49E8-88AD-C1433AFF0655}
		{191DCB9E-D892-49CF-ADA6-B7BAE6F0739D} = {5EA38D9E-68AC-425D-9252-8F305CB2B4E5}
		{D45F5A5F-4554-4C39-9223-1F4829989004} = {5EA38D9E-68AC-425D-9252-8F305CB2B4E5}
		{966CDAC3-C015-44B0-B1FC-50C5F06BADE1} = {6D333A67-5F67-49E8-88AD-C1433AFF0655}
		{51C9CA99-9300-4E6A-98D2-B906077FC03F} = {966CDAC3-C015-44B0-B1FC-50C5F06BADE1}
		{62C0DD37-2D53-4BD6-93ED-CAEFB560AE97} = {966CDAC3-C015-44B0-B1FC-50C5F06BADE1}
	EndGlobalSection
EndGlobal
